
Microsoft Visual Studio Solution File, Format Version 12.00
# Visual Studio Version 17
VisualStudioVersion = 17.0.31903.59
MinimumVisualStudioVersion = 10.0.40219.1
Project("{2150E333-8FDC-42A3-9474-1A3956D46DE8}") = "src", "src", "{827E0CD3-B72D-47B6-A68D-7590B98EB39B}"
EndProject
Project("{FAE04EC0-301F-11D3-BF4B-00C04F79EFBC}") = "Ironfront.Shared", "src\Ironfront.Shared\Ironfront.Shared.csproj", "{B27519C7-9231-4BA4-8555-9EE76E976ADE}"
EndProject
Project("{FAE04EC0-301F-11D3-BF4B-00C04F79EFBC}") = "Ironfront.Gateway", "src\Ironfront.Gateway\Ironfront.Gateway.csproj", "{A41935CB-4F3D-4AD3-AE35-787E49DC0FED}"
EndProject
Project("{2150E333-8FDC-42A3-9474-1A3956D46DE8}") = "tools", "tools", "{07C2787E-EAC7-C090-1BA3-A61EC2A24D84}"
EndProject
Project("{FAE04EC0-301F-11D3-BF4B-00C04F79EFBC}") = "Ironfront.Tools.NamecheapDnsUpdater", "tools\Ironfront.Tools.NamecheapDnsUpdater\Ironfront.Tools.NamecheapDnsUpdater.csproj", "{B4B476BD-E43D-48B6-8394-46AF7028BEF2}"
EndProject
Project("{FAE04EC0-301F-11D3-BF4B-00C04F79EFBC}") = "Ironfront.AuthService", "src\Ironfront.AuthService\Ironfront.AuthService.csproj", "{90BF3489-1E38-46DE-B5B2-01B938ED6185}"
EndProject
Project("{FAE04EC0-301F-11D3-BF4B-00C04F79EFBC}") = "Ironfront.GameData", "src\Ironfront.GameData\Ironfront.GameData.csproj", "{5C490E90-1F33-471A-9407-1905AFBE6B1E}"
EndProject
Project("{FAE04EC0-301F-11D3-BF4B-00C04F79EFBC}") = "Ironfront.GameData.Infrastructure", "src\Ironfront.GameData.Infrastructure\Ironfront.GameData.Infrastructure.csproj", "{0F53DF23-4853-43F1-8CBE-64A976782CCA}"
EndProject
Project("{FAE04EC0-301F-11D3-BF4B-00C04F79EFBC}") = "Ironfront.UserService.Domain", "src\Ironfront.UserService.Domain\Ironfront.UserService.Domain.csproj", "{FCF10DE7-EB39-4B1B-A563-FE1B1AA90DB1}"
EndProject
Project("{FAE04EC0-301F-11D3-BF4B-00C04F79EFBC}") = "Ironfront.UserService.Application", "src\Ironfront.UserService.Application\Ironfront.UserService.Application.csproj", "{459799E0-5EB8-437B-B841-513AA8C97E87}"
EndProject
Project("{FAE04EC0-301F-11D3-BF4B-00C04F79EFBC}") = "Ironfront.UserService.Infrastructure", "src\Ironfront.UserService.Infrastructure\Ironfront.UserService.Infrastructure.csproj", "{5B3D3A3F-BE64-4FAF-82EC-3B00970B0893}"
EndProject
Project("{FAE04EC0-301F-11D3-BF4B-00C04F79EFBC}") = "Ironfront.UserService", "src\Ironfront.UserService\Ironfront.UserService.csproj", "{57F57B1D-CC11-4514-B4B2-4454D5462FFC}"
EndProject
Project("{FAE04EC0-301F-11D3-BF4B-00C04F79EFBC}") = "Ironfront.Matchmaking.Domain", "src\Ironfront.Matchmaking.Domain\Ironfront.Matchmaking.Domain.csproj", "{05EC078B-0E86-4CB3-8928-7F2E5153EFF2}"
EndProject
Project("{FAE04EC0-301F-11D3-BF4B-00C04F79EFBC}") = "Ironfront.Matchmaking.Application", "src\Ironfront.Matchmaking.Application\Ironfront.Matchmaking.Application.csproj", "{8D9E2336-A10D-4C9B-B7DA-862BE635A31B}"
EndProject
Project("{FAE04EC0-301F-11D3-BF4B-00C04F79EFBC}") = "Ironfront.Matchmaking.Infrastructure", "src\Ironfront.Matchmaking.Infrastructure\Ironfront.Matchmaking.Infrastructure.csproj", "{FDE4F40C-3AEF-4EDB-BCE0-CF5BFFB8503F}"
EndProject
Project("{FAE04EC0-301F-11D3-BF4B-00C04F79EFBC}") = "Ironfront.MatchmakingService", "src\Ironfront.MatchmakingService\Ironfront.MatchmakingService.csproj", "{480AD5B1-ED7C-4B75-8B3E-0D71779F1871}"
EndProject
Global
	GlobalSection(SolutionConfigurationPlatforms) = preSolution
		Debug|Any CPU = Debug|Any CPU
		Debug|x64 = Debug|x64
		Debug|x86 = Debug|x86
		Release|Any CPU = Release|Any CPU
		Release|x64 = Release|x64
		Release|x86 = Release|x86
	EndGlobalSection
	GlobalSection(ProjectConfigurationPlatforms) = postSolution
		{B27519C7-9231-4BA4-8555-9EE76E976ADE}.Debug|Any CPU.ActiveCfg = Debug|Any CPU
		{B27519C7-9231-4BA4-8555-9EE76E976ADE}.Debug|Any CPU.Build.0 = Debug|Any CPU
		{B27519C7-9231-4BA4-8555-9EE76E976ADE}.Debug|x64.ActiveCfg = Debug|Any CPU
		{B27519C7-9231-4BA4-8555-9EE76E976ADE}.Debug|x64.Build.0 = Debug|Any CPU
		{B27519C7-9231-4BA4-8555-9EE76E976ADE}.Debug|x86.ActiveCfg = Debug|Any CPU
		{B27519C7-9231-4BA4-8555-9EE76E976ADE}.Debug|x86.Build.0 = Debug|Any CPU
		{B27519C7-9231-4BA4-8555-9EE76E976ADE}.Release|Any CPU.ActiveCfg = Release|Any CPU
		{B27519C7-9231-4BA4-8555-9EE76E976ADE}.Release|Any CPU.Build.0 = Release|Any CPU
		{B27519C7-9231-4BA4-8555-9EE76E976ADE}.Release|x64.ActiveCfg = Release|Any CPU
		{B27519C7-9231-4BA4-8555-9EE76E976ADE}.Release|x64.Build.0 = Release|Any CPU
		{B27519C7-9231-4BA4-8555-9EE76E976ADE}.Release|x86.ActiveCfg = Release|Any CPU
		{B27519C7-9231-4BA4-8555-9EE76E976ADE}.Release|x86.Build.0 = Release|Any CPU
		{A41935CB-4F3D-4AD3-AE35-787E49DC0FED}.Debug|Any CPU.ActiveCfg = Debug|Any CPU
		{A41935CB-4F3D-4AD3-AE35-787E49DC0FED}.Debug|Any CPU.Build.0 = Debug|Any CPU
		{A41935CB-4F3D-4AD3-AE35-787E49DC0FED}.Debug|x64.ActiveCfg = Debug|Any CPU
		{A41935CB-4F3D-4AD3-AE35-787E49DC0FED}.Debug|x64.Build.0 = Debug|Any CPU
		{A41935CB-4F3D-4AD3-AE35-787E49DC0FED}.Debug|x86.ActiveCfg = Debug|Any CPU
		{A41935CB-4F3D-4AD3-AE35-787E49DC0FED}.Debug|x86.Build.0 = Debug|Any CPU
		{A41935CB-4F3D-4AD3-AE35-787E49DC0FED}.Release|Any CPU.ActiveCfg = Release|Any CPU
		{A41935CB-4F3D-4AD3-AE35-787E49DC0FED}.Release|Any CPU.Build.0 = Release|Any CPU
		{A41935CB-4F3D-4AD3-AE35-787E49DC0FED}.Release|x64.ActiveCfg = Release|Any CPU
		{A41935CB-4F3D-4AD3-AE35-787E49DC0FED}.Release|x64.Build.0 = Release|Any CPU
		{A41935CB-4F3D-4AD3-AE35-787E49DC0FED}.Release|x86.ActiveCfg = Release|Any CPU
		{A41935CB-4F3D-4AD3-AE35-787E49DC0FED}.Release|x86.Build.0 = Release|Any CPU
		{B4B476BD-E43D-48B6-8394-46AF7028BEF2}.Debug|Any CPU.ActiveCfg = Debug|Any CPU
		{B4B476BD-E43D-48B6-8394-46AF7028BEF2}.Debug|Any CPU.Build.0 = Debug|Any CPU
		{B4B476BD-E43D-48B6-8394-46AF7028BEF2}.Debug|x64.ActiveCfg = Debug|Any CPU
		{B4B476BD-E43D-48B6-8394-46AF7028BEF2}.Debug|x64.Build.0 = Debug|Any CPU
		{B4B476BD-E43D-48B6-8394-46AF7028BEF2}.Debug|x86.ActiveCfg = Debug|Any CPU
		{B4B476BD-E43D-48B6-8394-46AF7028BEF2}.Debug|x86.Build.0 = Debug|Any CPU
		{B4B476BD-E43D-48B6-8394-46AF7028BEF2}.Release|Any CPU.ActiveCfg = Release|Any CPU
		{B4B476BD-E43D-48B6-8394-46AF7028BEF2}.Release|Any CPU.Build.0 = Release|Any CPU
		{B4B476BD-E43D-48B6-8394-46AF7028BEF2}.Release|x64.ActiveCfg = Release|Any CPU
		{B4B476BD-E43D-48B6-8394-46AF7028BEF2}.Release|x64.Build.0 = Release|Any CPU
		{B4B476BD-E43D-48B6-8394-46AF7028BEF2}.Release|x86.ActiveCfg = Release|Any CPU
		{B4B476BD-E43D-48B6-8394-46AF7028BEF2}.Release|x86.Build.0 = Release|Any CPU
		{90BF3489-1E38-46DE-B5B2-01B938ED6185}.Debug|Any CPU.ActiveCfg = Debug|Any CPU
		{90BF3489-1E38-46DE-B5B2-01B938ED6185}.Debug|Any CPU.Build.0 = Debug|Any CPU
		{90BF3489-1E38-46DE-B5B2-01B938ED6185}.Debug|x64.ActiveCfg = Debug|Any CPU
		{90BF3489-1E38-46DE-B5B2-01B938ED6185}.Debug|x64.Build.0 = Debug|Any CPU
		{90BF3489-1E38-46DE-B5B2-01B938ED6185}.Debug|x86.ActiveCfg = Debug|Any CPU
		{90BF3489-1E38-46DE-B5B2-01B938ED6185}.Debug|x86.Build.0 = Debug|Any CPU
		{90BF3489-1E38-46DE-B5B2-01B938ED6185}.Release|Any CPU.ActiveCfg = Release|Any CPU
		{90BF3489-1E38-46DE-B5B2-01B938ED6185}.Release|Any CPU.Build.0 = Release|Any CPU
		{90BF3489-1E38-46DE-B5B2-01B938ED6185}.Release|x64.ActiveCfg = Release|Any CPU
		{90BF3489-1E38-46DE-B5B2-01B938ED6185}.Release|x64.Build.0 = Release|Any CPU
		{90BF3489-1E38-46DE-B5B2-01B938ED6185}.Release|x86.ActiveCfg = Release|Any CPU
		{90BF3489-1E38-46DE-B5B2-01B938ED6185}.Release|x86.Build.0 = Release|Any CPU
		{5C490E90-1F33-471A-9407-1905AFBE6B1E}.Debug|Any CPU.ActiveCfg = Debug|Any CPU
		{5C490E90-1F33-471A-9407-1905AFBE6B1E}.Debug|Any CPU.Build.0 = Debug|Any CPU
		{5C490E90-1F33-471A-9407-1905AFBE6B1E}.Debug|x64.ActiveCfg = Debug|Any CPU
		{5C490E90-1F33-471A-9407-1905AFBE6B1E}.Debug|x64.Build.0 = Debug|Any CPU
		{5C490E90-1F33-471A-9407-1905AFBE6B1E}.Debug|x86.ActiveCfg = Debug|Any CPU
		{5C490E90-1F33-471A-9407-1905AFBE6B1E}.Debug|x86.Build.0 = Debug|Any CPU
		{5C490E90-1F33-471A-9407-1905AFBE6B1E}.Release|Any CPU.ActiveCfg = Release|Any CPU
		{5C490E90-1F33-471A-9407-1905AFBE6B1E}.Release|Any CPU.Build.0 = Release|Any CPU
		{5C490E90-1F33-471A-9407-1905AFBE6B1E}.Release|x64.ActiveCfg = Release|Any CPU
		{5C490E90-1F33-471A-9407-1905AFBE6B1E}.Release|x64.Build.0 = Release|Any CPU
		{5C490E90-1F33-471A-9407-1905AFBE6B1E}.Release|x86.ActiveCfg = Release|Any CPU
		{5C490E90-1F33-471A-9407-1905AFBE6B1E}.Release|x86.Build.0 = Release|Any CPU
		{0F53DF23-4853-43F1-8CBE-64A976782CCA}.Debug|Any CPU.ActiveCfg = Debug|Any CPU
		{0F53DF23-4853-43F1-8CBE-64A976782CCA}.Debug|Any CPU.Build.0 = Debug|Any CPU
		{0F53DF23-4853-43F1-8CBE-64A976782CCA}.Debug|x64.ActiveCfg = Debug|Any CPU
		{0F53DF23-4853-43F1-8CBE-64A976782CCA}.Debug|x64.Build.0 = Debug|Any CPU
		{0F53DF23-4853-43F1-8CBE-64A976782CCA}.Debug|x86.ActiveCfg = Debug|Any CPU
		{0F53DF23-4853-43F1-8CBE-64A976782CCA}.Debug|x86.Build.0 = Debug|Any CPU
		{0F53DF23-4853-43F1-8CBE-64A976782CCA}.Release|Any CPU.ActiveCfg = Release|Any CPU
		{0F53DF23-4853-43F1-8CBE-64A976782CCA}.Release|Any CPU.Build.0 = Release|Any CPU
		{0F53DF23-4853-43F1-8CBE-64A976782CCA}.Release|x64.ActiveCfg = Release|Any CPU
		{0F53DF23-4853-43F1-8CBE-64A976782CCA}.Release|x64.Build.0 = Release|Any CPU
		{0F53DF23-4853-43F1-8CBE-64A976782CCA}.Release|x86.ActiveCfg = Release|Any CPU
		{0F53DF23-4853-43F1-8CBE-64A976782CCA}.Release|x86.Build.0 = Release|Any CPU
		{FCF10DE7-EB39-4B1B-A563-FE1B1AA90DB1}.Debug|Any CPU.ActiveCfg = Debug|Any CPU
		{FCF10DE7-EB39-4B1B-A563-FE1B1AA90DB1}.Debug|Any CPU.Build.0 = Debug|Any CPU
		{FCF10DE7-EB39-4B1B-A563-FE1B1AA90DB1}.Debug|x64.ActiveCfg = Debug|Any CPU
		{FCF10DE7-EB39-4B1B-A563-FE1B1AA90DB1}.Debug|x64.Build.0 = Debug|Any CPU
		{FCF10DE7-EB39-4B1B-A563-FE1B1AA90DB1}.Debug|x86.ActiveCfg = Debug|Any CPU
		{FCF10DE7-EB39-4B1B-A563-FE1B1AA90DB1}.Debug|x86.Build.0 = Debug|Any CPU
		{FCF10DE7-EB39-4B1B-A563-FE1B1AA90DB1}.Release|Any CPU.ActiveCfg = Release|Any CPU
		{FCF10DE7-EB39-4B1B-A563-FE1B1AA90DB1}.Release|Any CPU.Build.0 = Release|Any CPU
		{FCF10DE7-EB39-4B1B-A563-FE1B1AA90DB1}.Release|x64.ActiveCfg = Release|Any CPU
		{FCF10DE7-EB39-4B1B-A563-FE1B1AA90DB1}.Release|x64.Build.0 = Release|Any CPU
		{FCF10DE7-EB39-4B1B-A563-FE1B1AA90DB1}.Release|x86.ActiveCfg = Release|Any CPU
		{FCF10DE7-EB39-4B1B-A563-FE1B1AA90DB1}.Release|x86.Build.0 = Release|Any CPU
		{459799E0-5EB8-437B-B841-513AA8C97E87}.Debug|Any CPU.ActiveCfg = Debug|Any CPU
		{459799E0-5EB8-437B-B841-513AA8C97E87}.Debug|Any CPU.Build.0 = Debug|Any CPU
		{459799E0-5EB8-437B-B841-513AA8C97E87}.Debug|x64.ActiveCfg = Debug|Any CPU
		{459799E0-5EB8-437B-B841-513AA8C97E87}.Debug|x64.Build.0 = Debug|Any CPU
		{459799E0-5EB8-437B-B841-513AA8C97E87}.Debug|x86.ActiveCfg = Debug|Any CPU
		{459799E0-5EB8-437B-B841-513AA8C97E87}.Debug|x86.Build.0 = Debug|Any CPU
		{459799E0-5EB8-437B-B841-513AA8C97E87}.Release|Any CPU.ActiveCfg = Release|Any CPU
		{459799E0-5EB8-437B-B841-513AA8C97E87}.Release|Any CPU.Build.0 = Release|Any CPU
		{459799E0-5EB8-437B-B841-513AA8C97E87}.Release|x64.ActiveCfg = Release|Any CPU
		{459799E0-5EB8-437B-B841-513AA8C97E87}.Release|x64.Build.0 = Release|Any CPU
		{459799E0-5EB8-437B-B841-513AA8C97E87}.Release|x86.ActiveCfg = Release|Any CPU
		{459799E0-5EB8-437B-B841-513AA8C97E87}.Release|x86.Build.0 = Release|Any CPU
		{5B3D3A3F-BE64-4FAF-82EC-3B00970B0893}.Debug|Any CPU.ActiveCfg = Debug|Any CPU
		{5B3D3A3F-BE64-4FAF-82EC-3B00970B0893}.Debug|Any CPU.Build.0 = Debug|Any CPU
		{5B3D3A3F-BE64-4FAF-82EC-3B00970B0893}.Debug|x64.ActiveCfg = Debug|Any CPU
		{5B3D3A3F-BE64-4FAF-82EC-3B00970B0893}.Debug|x64.Build.0 = Debug|Any CPU
		{5B3D3A3F-BE64-4FAF-82EC-3B00970B0893}.Debug|x86.ActiveCfg = Debug|Any CPU
		{5B3D3A3F-BE64-4FAF-82EC-3B00970B0893}.Debug|x86.Build.0 = Debug|Any CPU
		{5B3D3A3F-BE64-4FAF-82EC-3B00970B0893}.Release|Any CPU.ActiveCfg = Release|Any CPU
		{5B3D3A3F-BE64-4FAF-82EC-3B00970B0893}.Release|Any CPU.Build.0 = Release|Any CPU
		{5B3D3A3F-BE64-4FAF-82EC-3B00970B0893}.Release|x64.ActiveCfg = Release|Any CPU
		{5B3D3A3F-BE64-4FAF-82EC-3B00970B0893}.Release|x64.Build.0 = Release|Any CPU
		{5B3D3A3F-BE64-4FAF-82EC-3B00970B0893}.Release|x86.ActiveCfg = Release|Any CPU
		{5B3D3A3F-BE64-4FAF-82EC-3B00970B0893}.Release|x86.Build.0 = Release|Any CPU
		{57F57B1D-CC11-4514-B4B2-4454D5462FFC}.Debug|Any CPU.ActiveCfg = Debug|Any CPU
		{57F57B1D-CC11-4514-B4B2-4454D5462FFC}.Debug|Any CPU.Build.0 = Debug|Any CPU
		{57F57B1D-CC11-4514-B4B2-4454D5462FFC}.Debug|x64.ActiveCfg = Debug|Any CPU
		{57F57B1D-CC11-4514-B4B2-4454D5462FFC}.Debug|x64.Build.0 = Debug|Any CPU
		{57F57B1D-CC11-4514-B4B2-4454D5462FFC}.Debug|x86.ActiveCfg = Debug|Any CPU
		{57F57B1D-CC11-4514-B4B2-4454D5462FFC}.Debug|x86.Build.0 = Debug|Any CPU
		{57F57B1D-CC11-4514-B4B2-4454D5462FFC}.Release|Any CPU.ActiveCfg = Release|Any CPU
		{57F57B1D-CC11-4514-B4B2-4454D5462FFC}.Release|Any CPU.Build.0 = Release|Any CPU
		{57F57B1D-CC11-4514-B4B2-4454D5462FFC}.Release|x64.ActiveCfg = Release|Any CPU
		{57F57B1D-CC11-4514-B4B2-4454D5462FFC}.Release|x64.Build.0 = Release|Any CPU
		{57F57B1D-CC11-4514-B4B2-4454D5462FFC}.Release|x86.ActiveCfg = Release|Any CPU
		{57F57B1D-CC11-4514-B4B2-4454D5462FFC}.Release|x86.Build.0 = Release|Any CPU
		{05EC078B-0E86-4CB3-8928-7F2E5153EFF2}.Debug|Any CPU.ActiveCfg = Debug|Any CPU
		{05EC078B-0E86-4CB3-8928-7F2E5153EFF2}.Debug|Any CPU.Build.0 = Debug|Any CPU
		{05EC078B-0E86-4CB3-8928-7F2E5153EFF2}.Debug|x64.ActiveCfg = Debug|Any CPU
		{05EC078B-0E86-4CB3-8928-7F2E5153EFF2}.Debug|x64.Build.0 = Debug|Any CPU
		{05EC078B-0E86-4CB3-8928-7F2E5153EFF2}.Debug|x86.ActiveCfg = Debug|Any CPU
		{05EC078B-0E86-4CB3-8928-7F2E5153EFF2}.Debug|x86.Build.0 = Debug|Any CPU
		{05EC078B-0E86-4CB3-8928-7F2E5153EFF2}.Release|Any CPU.ActiveCfg = Release|Any CPU
		{05EC078B-0E86-4CB3-8928-7F2E5153EFF2}.Release|Any CPU.Build.0 = Release|Any CPU
		{05EC078B-0E86-4CB3-8928-7F2E5153EFF2}.Release|x64.ActiveCfg = Release|Any CPU
		{05EC078B-0E86-4CB3-8928-7F2E5153EFF2}.Release|x64.Build.0 = Release|Any CPU
		{05EC078B-0E86-4CB3-8928-7F2E5153EFF2}.Release|x86.ActiveCfg = Release|Any CPU
		{05EC078B-0E86-4CB3-8928-7F2E5153EFF2}.Release|x86.Build.0 = Release|Any CPU
		{8D9E2336-A10D-4C9B-B7DA-862BE635A31B}.Debug|Any CPU.ActiveCfg = Debug|Any CPU
		{8D9E2336-A10D-4C9B-B7DA-862BE635A31B}.Debug|Any CPU.Build.0 = Debug|Any CPU
		{8D9E2336-A10D-4C9B-B7DA-862BE635A31B}.Debug|x64.ActiveCfg = Debug|Any CPU
		{8D9E2336-A10D-4C9B-B7DA-862BE635A31B}.Debug|x64.Build.0 = Debug|Any CPU
		{8D9E2336-A10D-4C9B-B7DA-862BE635A31B}.Debug|x86.ActiveCfg = Debug|Any CPU
		{8D9E2336-A10D-4C9B-B7DA-862BE635A31B}.Debug|x86.Build.0 = Debug|Any CPU
		{8D9E2336-A10D-4C9B-B7DA-862BE635A31B}.Release|Any CPU.ActiveCfg = Release|Any CPU
		{8D9E2336-A10D-4C9B-B7DA-862BE635A31B}.Release|Any CPU.Build.0 = Release|Any CPU
		{8D9E2336-A10D-4C9B-B7DA-862BE635A31B}.Release|x64.ActiveCfg = Release|Any CPU
		{8D9E2336-A10D-4C9B-B7DA-862BE635A31B}.Release|x64.Build.0 = Release|Any CPU
		{8D9E2336-A10D-4C9B-B7DA-862BE635A31B}.Release|x86.ActiveCfg = Release|Any CPU
		{8D9E2336-A10D-4C9B-B7DA-862BE635A31B}.Release|x86.Build.0 = Release|Any CPU
		{FDE4F40C-3AEF-4EDB-BCE0-CF5BFFB8503F}.Debug|Any CPU.ActiveCfg = Debug|Any CPU
		{FDE4F40C-3AEF-4EDB-BCE0-CF5BFFB8503F}.Debug|Any CPU.Build.0 = Debug|Any CPU
		{FDE4F40C-3AEF-4EDB-BCE0-CF5BFFB8503F}.Debug|x64.ActiveCfg = Debug|Any CPU
		{FDE4F40C-3AEF-4EDB-BCE0-CF5BFFB8503F}.Debug|x64.Build.0 = Debug|Any CPU
		{FDE4F40C-3AEF-4EDB-BCE0-CF5BFFB8503F}.Debug|x86.ActiveCfg = Debug|Any CPU
		{FDE4F40C-3AEF-4EDB-BCE0-CF5BFFB8503F}.Debug|x86.Build.0 = Debug|Any CPU
		{FDE4F40C-3AEF-4EDB-BCE0-CF5BFFB8503F}.Release|Any CPU.ActiveCfg = Release|Any CPU
		{FDE4F40C-3AEF-4EDB-BCE0-CF5BFFB8503F}.Release|Any CPU.Build.0 = Release|Any CPU
		{FDE4F40C-3AEF-4EDB-BCE0-CF5BFFB8503F}.Release|x64.ActiveCfg = Release|Any CPU
		{FDE4F40C-3AEF-4EDB-BCE0-CF5BFFB8503F}.Release|x64.Build.0 = Release|Any CPU
		{FDE4F40C-3AEF-4EDB-BCE0-CF5BFFB8503F}.Release|x86.ActiveCfg = Release|Any CPU
		{FDE4F40C-3AEF-4EDB-BCE0-CF5BFFB8503F}.Release|x86.Build.0 = Release|Any CPU
		{480AD5B1-ED7C-4B75-8B3E-0D71779F1871}.Debug|Any CPU.ActiveCfg = Debug|Any CPU
		{480AD5B1-ED7C-4B75-8B3E-0D71779F1871}.Debug|Any CPU.Build.0 = Debug|Any CPU
		{480AD5B1-ED7C-4B75-8B3E-0D71779F1871}.Debug|x64.ActiveCfg = Debug|Any CPU
		{480AD5B1-ED7C-4B75-8B3E-0D71779F1871}.Debug|x64.Build.0 = Debug|Any CPU
		{480AD5B1-ED7C-4B75-8B3E-0D71779F1871}.Debug|x86.ActiveCfg = Debug|Any CPU
		{480AD5B1-ED7C-4B75-8B3E-0D71779F1871}.Debug|x86.Build.0 = Debug|Any CPU
		{480AD5B1-ED7C-4B75-8B3E-0D71779F1871}.Release|Any CPU.ActiveCfg = Release|Any CPU
		{480AD5B1-ED7C-4B75-8B3E-0D71779F1871}.Release|Any CPU.Build.0 = Release|Any CPU
		{480AD5B1-ED7C-4B75-8B3E-0D71779F1871}.Release|x64.ActiveCfg = Release|Any CPU
		{480AD5B1-ED7C-4B75-8B3E-0D71779F1871}.Release|x64.Build.0 = Release|Any CPU
		{480AD5B1-ED7C-4B75-8B3E-0D71779F1871}.Release|x86.ActiveCfg = Release|Any CPU
		{480AD5B1-ED7C-4B75-8B3E-0D71779F1871}.Release|x86.Build.0 = Release|Any CPU
	EndGlobalSection
	GlobalSection(SolutionProperties) = preSolution
		HideSolutionNode = FALSE
	EndGlobalSection
	GlobalSection(NestedProjects) = preSolution
		{B27519C7-9231-4BA4-8555-9EE76E976ADE} = {827E0CD3-B72D-47B6-A68D-7590B98EB39B}
		{A41935CB-4F3D-4AD3-AE35-787E49DC0FED} = {827E0CD3-B72D-47B6-A68D-7590B98EB39B}
		{B4B476BD-E43D-48B6-8394-46AF7028BEF2} = {07C2787E-EAC7-C090-1BA3-A61EC2A24D84}
		{90BF3489-1E38-46DE-B5B2-01B938ED6185} = {827E0CD3-B72D-47B6-A68D-7590B98EB39B}
		{5C490E90-1F33-471A-9407-1905AFBE6B1E} = {827E0CD3-B72D-47B6-A68D-7590B98EB39B}
		{0F53DF23-4853-43F1-8CBE-64A976782CCA} = {827E0CD3-B72D-47B6-A68D-7590B98EB39B}
		{FCF10DE7-EB39-4B1B-A563-FE1B1AA90DB1} = {827E0CD3-B72D-47B6-A68D-7590B98EB39B}
		{459799E0-5EB8-437B-B841-513AA8C97E87} = {827E0CD3-B72D-47B6-A68D-7590B98EB39B}
		{5B3D3A3F-BE64-4FAF-82EC-3B00970B0893} = {827E0CD3-B72D-47B6-A68D-7590B98EB39B}
		{57F57B1D-CC11-4514-B4B2-4454D5462FFC} = {827E0CD3-B72D-47B6-A68D-7590B98EB39B}
		{05EC078B-0E86-4CB3-8928-7F2E5153EFF2} = {827E0CD3-B72D-47B6-A68D-7590B98EB39B}
		{8D9E2336-A10D-4C9B-B7DA-862BE635A31B} = {827E0CD3-B72D-47B6-A68D-7590B98EB39B}
		{FDE4F40C-3AEF-4EDB-BCE0-CF5BFFB8503F} = {827E0CD3-B72D-47B6-A68D-7590B98EB39B}
		{480AD5B1-ED7C-4B75-8B3E-0D71779F1871} = {827E0CD3-B72D-47B6-A68D-7590B98EB39B}
	EndGlobalSection
EndGlobal
